{
  "name": "near.js",
  "version": "1.0.0",
  "lockfileVersion": 2,
  "requires": true,
  "packages": {
    "": {
      "name": "near.js",
      "version": "1.0.0",
      "license": "MIT",
      "workspaces": [
        "packages/keys",
        "packages/tx",
        "packages/signer",
        "packages/keystore",
        "packages/provider-core",
        "packages/provider-rpc",
        "packages/provider-wallet-core",
        "packages/provider-wallet-my-near-wallet",
        "packages/units",
        "packages/provider-wallet-sender"
      ]
    },
    "node_modules/@near.js/keys": {
      "resolved": "packages/keys",
      "link": true
    },
    "node_modules/@near.js/keystore": {
      "resolved": "packages/keystore",
      "link": true
    },
    "node_modules/@near.js/provider-core": {
      "resolved": "packages/provider-core",
      "link": true
    },
    "node_modules/@near.js/provider-rpc": {
      "resolved": "packages/provider-rpc",
      "link": true
    },
    "node_modules/@near.js/provider-wallet-core": {
      "resolved": "packages/provider-wallet-core",
      "link": true
    },
    "node_modules/@near.js/provider-wallet-my-near-wallet": {
      "resolved": "packages/provider-wallet-my-near-wallet",
      "link": true
    },
    "node_modules/@near.js/provider-wallet-sender": {
      "resolved": "packages/provider-wallet-sender",
      "link": true
    },
    "node_modules/@near.js/signer": {
      "resolved": "packages/signer",
      "link": true
    },
    "node_modules/@near.js/tx": {
      "resolved": "packages/tx",
      "link": true
    },
    "node_modules/@near.js/units": {
      "resolved": "packages/units",
      "link": true
    },
    "node_modules/bn.js": {
      "version": "5.2.1",
      "resolved": "https://registry.npmjs.org/bn.js/-/bn.js-5.2.1.tgz",
      "integrity": "sha512-eXRvHzWyYPBuB4NBy0cmYQjGitUrtqwbvlzP3G6VFnNRbsZQIxQ10PbKKHt8gZ/HW/D/747aDl+QkDqg3KQLMQ=="
    },
    "packages/keys": {
      "name": "@near.js/keys",
      "version": "1.0.0",
      "license": "ISC",
      "dependencies": {
        "bn.js": "^5.2.1"
      }
    },
    "packages/keystore": {
      "version": "1.0.0",
      "license": "ISC",
      "devDependencies": {}
    },
    "packages/provider-core": {
      "version": "1.0.0",
      "license": "ISC",
      "devDependencies": {}
    },
    "packages/provider-rpc": {
      "version": "1.0.0",
      "license": "ISC",
      "devDependencies": {}
    },
    "packages/provider-wallet-core": {
      "version": "1.0.0",
      "license": "ISC",
      "devDependencies": {}
    },
    "packages/provider-wallet-my-near-wallet": {
      "version": "1.0.0",
      "license": "ISC",
      "devDependencies": {}
    },
    "packages/provider-wallet-sender": {
      "version": "1.0.0",
      "license": "ISC",
      "devDependencies": {}
    },
    "packages/signer": {
      "version": "1.0.0",
      "license": "ISC",
      "devDependencies": {}
    },
    "packages/transactions": {
      "name": "@near.js/transactions",
      "version": "1.0.0",
      "extraneous": true,
      "license": "MIT"
    },
    "packages/tx": {
      "name": "@near.js/tx",
      "version": "1.0.0",
      "license": "ISC",
      "dependencies": {
        "bn.js": "^5.2.1"
      }
    },
    "packages/units": {
      "version": "1.0.0",
      "license": "ISC",
      "devDependencies": {}
    }
  },
  "dependencies": {
    "@near.js/keys": {
      "version": "file:packages/keys",
      "requires": {
        "bn.js": "^5.2.1"
      }
    },
    "@near.js/keystore": {
      "version": "file:packages/keystore"
    },
    "@near.js/provider-core": {
      "version": "file:packages/provider-core"
    },
    "@near.js/provider-rpc": {
      "version": "file:packages/provider-rpc"
    },
    "@near.js/provider-wallet-core": {
      "version": "file:packages/provider-wallet-core"
    },
    "@near.js/provider-wallet-my-near-wallet": {
      "version": "file:packages/provider-wallet-my-near-wallet"
    },
    "@near.js/provider-wallet-sender": {
      "version": "file:packages/provider-wallet-sender"
    },
    "@near.js/signer": {
      "version": "file:packages/signer"
    },
    "@near.js/tx": {
      "version": "file:packages/tx",
      "requires": {
        "bn.js": "^5.2.1"
      }
    },
    "@near.js/units": {
      "version": "file:packages/units"
    },
    "bn.js": {
      "version": "5.2.1",
      "resolved": "https://registry.npmjs.org/bn.js/-/bn.js-5.2.1.tgz",
      "integrity": "sha512-eXRvHzWyYPBuB4NBy0cmYQjGitUrtqwbvlzP3G6VFnNRbsZQIxQ10PbKKHt8gZ/HW/D/747aDl+QkDqg3KQLMQ=="
    }
  }
}
