{
  "name": "near.js",
  "version": "1.0.0",
  "lockfileVersion": 2,
  "requires": true,
  "packages": {
    "": {
      "name": "near.js",
      "version": "1.0.0",
      "license": "MIT",
      "workspaces": [
        "packages/keys",
        "packages/tx"
      ]
    },
    "node_modules/@near.js/keys": {
      "resolved": "packages/keys",
      "link": true
    },
    "node_modules/@near.js/tx": {
      "resolved": "packages/tx",
      "link": true
    },
    "node_modules/bn.js": {
      "version": "5.2.1",
      "resolved": "https://registry.npmjs.org/bn.js/-/bn.js-5.2.1.tgz",
      "integrity": "sha512-eXRvHzWyYPBuB4NBy0cmYQjGitUrtqwbvlzP3G6VFnNRbsZQIxQ10PbKKHt8gZ/HW/D/747aDl+QkDqg3KQLMQ=="
    },
    "packages/keys": {
      "name": "@near.js/keys",
      "version": "1.0.0",
      "license": "ISC",
      "dependencies": {
        "bn.js": "^5.2.1"
      }
    },
    "packages/transactions": {
      "name": "@near.js/transactions",
      "version": "1.0.0",
      "extraneous": true,
      "license": "MIT"
    },
    "packages/tx": {
      "name": "@near.js/tx",
      "version": "1.0.0",
      "license": "ISC",
      "dependencies": {
        "bn.js": "^5.2.1"
      }
    }
  },
  "dependencies": {
    "@near.js/keys": {
      "version": "file:packages/keys",
      "requires": {
        "bn.js": "^5.2.1"
      }
    },
    "@near.js/tx": {
      "version": "file:packages/tx",
      "requires": {
        "bn.js": "^5.2.1"
      }
    },
    "bn.js": {
      "version": "5.2.1",
      "resolved": "https://registry.npmjs.org/bn.js/-/bn.js-5.2.1.tgz",
      "integrity": "sha512-eXRvHzWyYPBuB4NBy0cmYQjGitUrtqwbvlzP3G6VFnNRbsZQIxQ10PbKKHt8gZ/HW/D/747aDl+QkDqg3KQLMQ=="
    }
  }
}
